{
  "name": "get-orizoncp",
  "version": "0.1.0",
  "lockfileVersion": 3,
  "requires": true,
  "packages": {
    "": {
      "name": "get-orizoncp",
      "version": "0.1.0",
      "dependencies": {
        "posthog-node": "^5.35.6"
      },
      "engines": {
        "node": ">=20"
      }
    },
    "node_modules/@posthog/core": {
      "version": "1.29.13",
      "resolved": "https://registry.npmjs.org/@posthog/core/-/core-1.29.13.tgz",
      "integrity": "sha512-7Me5zaeAue/wmA364Go8ChYbsVAfNAHbtDxXopWu3D6hq9PVScUcauRgjD1njgvP8NzN91SrIllE+pri3XvJVw==",
      "license": "MIT",
      "dependencies": {
        "@posthog/types": "1.376.4"
      }
    },
    "node_modules/@posthog/types": {
      "version": "1.376.4",
      "resolved": "https://registry.npmjs.org/@posthog/types/-/types-1.376.4.tgz",
      "integrity": "sha512-EoDEvA925lf6yxPpbP4wozlXgu4b9WEqxZlFBUDd4k2akP5R/RWyHpvQT8aYyfY6BtSLn8TnVwxPQOM4b90isA==",
      "license": "MIT"
    },
    "node_modules/posthog-node": {
      "version": "5.35.6",
      "resolved": "https://registry.npmjs.org/posthog-node/-/posthog-node-5.35.6.tgz",
      "integrity": "sha512-LwoXnR89A0l75jvFrXjtsAs0BbpyCjnwY8YIUkZT91rt1YnIUfBYiLj7qoUYApdNgesgWQQHqLXxLYX59a6ZYw==",
      "license": "MIT",
      "dependencies": {
        "@posthog/core": "1.29.13"
      },
      "engines": {
        "node": "^20.20.0 || >=22.22.0"
      },
      "peerDependencies": {
        "rxjs": "^7.0.0"
      },
      "peerDependenciesMeta": {
        "rxjs": {
          "optional": true
        }
      }
    }
  }
}
